// !$*UTF8*$!
{
	archiveVersion = 1;
	classes = {
	};
	objectVersion = 56;
	objects = {

/* Begin PBXBuildFile section */
		BA2A5AD82ACCBDDA00CFCA8F /* QuotesAndImagesApp.swift in Sources */ = {isa = PBXBuildFile; fileRef = BA2A5AD72ACCBDDA00CFCA8F /* QuotesAndImagesApp.swift */; };
		BA2A5ADA2ACCBDDA00CFCA8F /* ContentView.swift in Sources */ = {isa = PBXBuildFile; fileRef = BA2A5AD92ACCBDDA00CFCA8F /* ContentView.swift */; };
		BA2A5ADC2ACCBDDB00CFCA8F /* Assets.xcassets in Resources */ = {isa = PBXBuildFile; fileRef = BA2A5ADB2ACCBDDB00CFCA8F /* Assets.xcassets */; };
		BA2A5ADF2ACCBDDB00CFCA8F /* Preview Assets.xcassets in Resources */ = {isa = PBXBuildFile; fileRef = BA2A5ADE2ACCBDDB00CFCA8F /* Preview Assets.xcassets */; };
		BA2A5AE92ACCBF7700CFCA8F /* WebService.swift in Sources */ = {isa = PBXBuildFile; fileRef = BA2A5AE82ACCBF7700CFCA8F /* WebService.swift */; };
		BA2A5AEB2ACCC02700CFCA8F /* RandomImage.swift in Sources */ = {isa = PBXBuildFile; fileRef = BA2A5AEA2ACCC02700CFCA8F /* RandomImage.swift */; };
		BA2A5AEE2ACCC1B000CFCA8F /* Constants.swift in Sources */ = {isa = PBXBuildFile; fileRef = BA2A5AED2ACCC1B000CFCA8F /* Constants.swift */; };
/* End PBXBuildFile section */

/* Begin PBXFileReference section */
		BA2A5AD42ACCBDDA00CFCA8F /* QuotesAndImages.app */ = {isa = PBXFileReference; explicitFileType = wrapper.application; includeInIndex = 0; path = QuotesAndImages.app; sourceTree = BUILT_PRODUCTS_DIR; };
		BA2A5AD72ACCBDDA00CFCA8F /* QuotesAndImagesApp.swift */ = {isa = PBXFileReference; lastKnownFileType = sourcecode.swift; path = QuotesAndImagesApp.swift; sourceTree = "<group>"; };
		BA2A5AD92ACCBDDA00CFCA8F /* ContentView.swift */ = {isa = PBXFileReference; lastKnownFileType = sourcecode.swift; path = ContentView.swift; sourceTree = "<group>"; };
		BA2A5ADB2ACCBDDB00CFCA8F /* Assets.xcassets */ = {isa = PBXFileReference; lastKnownFileType = folder.assetcatalog; path = Assets.xcassets; sourceTree = "<group>"; };
		BA2A5ADE2ACCBDDB00CFCA8F /* Preview Assets.xcassets */ = {isa = PBXFileReference; lastKnownFileType = folder.assetcatalog; path = "Preview Assets.xcassets"; sourceTree = "<group>"; };
		BA2A5AE82ACCBF7700CFCA8F /* WebService.swift */ = {isa = PBXFileReference; lastKnownFileType = sourcecode.swift; path = WebService.swift; sourceTree = "<group>"; };
		BA2A5AEA2ACCC02700CFCA8F /* RandomImage.swift */ = {isa = PBXFileReference; lastKnownFileType = sourcecode.swift; path = RandomImage.swift; sourceTree = "<group>"; };
		BA2A5AED2ACCC1B000CFCA8F /* Constants.swift */ = {isa = PBXFileReference; lastKnownFileType = sourcecode.swift; path = Constants.swift; sourceTree = "<group>"; };
/* End PBXFileReference section */

/* Begin PBXFrameworksBuildPhase section */
		BA2A5AD12ACCBDDA00CFCA8F /* Frameworks */ = {
			isa = PBXFrameworksBuildPhase;
			buildActionMask = 2147483647;
			files = (
			);
			runOnlyForDeploymentPostprocessing = 0;
		};
/* End PBXFrameworksBuildPhase section */

/* Begin PBXGroup section */
		BA2A5ACB2ACCBDDA00CFCA8F = {
			isa = PBXGroup;
			children = (
				BA2A5AD62ACCBDDA00CFCA8F /* QuotesAndImages */,
				BA2A5AD52ACCBDDA00CFCA8F /* Products */,
			);
			sourceTree = "<group>";
		};
		BA2A5AD52ACCBDDA00CFCA8F /* Products */ = {
			isa = PBXGroup;
			children = (
				BA2A5AD42ACCBDDA00CFCA8F /* QuotesAndImages.app */,
			);
			name = Products;
			sourceTree = "<group>";
		};
		BA2A5AD62ACCBDDA00CFCA8F /* QuotesAndImages */ = {
			isa = PBXGroup;
			children = (
				BA2A5AEC2ACCC1A500CFCA8F /* Utilities */,
				BA2A5AE72ACCBF6A00CFCA8F /* Services */,
				BA2A5AE62ACCBF6500CFCA8F /* ViewModel */,
				BA2A5AE52ACCBF5F00CFCA8F /* Model */,
				BA2A5AD72ACCBDDA00CFCA8F /* QuotesAndImagesApp.swift */,
				BA2A5AD92ACCBDDA00CFCA8F /* ContentView.swift */,
				BA2A5ADB2ACCBDDB00CFCA8F /* Assets.xcassets */,
				BA2A5ADD2ACCBDDB00CFCA8F /* Preview Content */,
			);
			path = QuotesAndImages;
			sourceTree = "<group>";
		};
		BA2A5ADD2ACCBDDB00CFCA8F /* Preview Content */ = {
			isa = PBXGroup;
			children = (
				BA2A5ADE2ACCBDDB00CFCA8F /* Preview Assets.xcassets */,
			);
			path = "Preview Content";
			sourceTree = "<group>";
		};
		BA2A5AE52ACCBF5F00CFCA8F /* Model */ = {
			isa = PBXGroup;
			children = (
				BA2A5AEA2ACCC02700CFCA8F /* RandomImage.swift */,
			);
			path = Model;
			sourceTree = "<group>";
		};
		BA2A5AE62ACCBF6500CFCA8F /* ViewModel */ = {
			isa = PBXGroup;
			children = (
			);
			path = ViewModel;
			sourceTree = "<group>";
		};
		BA2A5AE72ACCBF6A00CFCA8F /* Services */ = {
			isa = PBXGroup;
			children = (
				BA2A5AE82ACCBF7700CFCA8F /* WebService.swift */,
			);
			path = Services;
			sourceTree = "<group>";
		};
		BA2A5AEC2ACCC1A500CFCA8F /* Utilities */ = {
			isa = PBXGroup;
			children = (
				BA2A5AED2ACCC1B000CFCA8F /* Constants.swift */,
			);
			path = Utilities;
			sourceTree = "<group>";
		};
/* End PBXGroup section */

/* Begin PBXNativeTarget section */
		BA2A5AD32ACCBDDA00CFCA8F /* QuotesAndImages */ = {
			isa = PBXNativeTarget;
			buildConfigurationList = BA2A5AE22ACCBDDB00CFCA8F /* Build configuration list for PBXNativeTarget "QuotesAndImages" */;
			buildPhases = (
				BA2A5AD02ACCBDDA00CFCA8F /* Sources */,
				BA2A5AD12ACCBDDA00CFCA8F /* Frameworks */,
				BA2A5AD22ACCBDDA00CFCA8F /* Resources */,
			);
			buildRules = (
			);
			dependencies = (
			);
			name = QuotesAndImages;
			productName = QuotesAndImages;
			productReference = BA2A5AD42ACCBDDA00CFCA8F /* QuotesAndImages.app */;
			productType = "com.apple.product-type.application";
		};
/* End PBXNativeTarget section */

/* Begin PBXProject section */
		BA2A5ACC2ACCBDDA00CFCA8F /* Project object */ = {
			isa = PBXProject;
			attributes = {
				BuildIndependentTargetsInParallel = 1;
				LastSwiftUpdateCheck = 1500;
				LastUpgradeCheck = 1500;
				TargetAttributes = {
					BA2A5AD32ACCBDDA00CFCA8F = {
						CreatedOnToolsVersion = 15.0;
					};
				};
			};
			buildConfigurationList = BA2A5ACF2ACCBDDA00CFCA8F /* Build configuration list for PBXProject "QuotesAndImages" */;
			compatibilityVersion = "Xcode 14.0";
			developmentRegion = en;
			hasScannedForEncodings = 0;
			knownRegions = (
				en,
				Base,
			);
			mainGroup = BA2A5ACB2ACCBDDA00CFCA8F;
			productRefGroup = BA2A5AD52ACCBDDA00CFCA8F /* Products */;
			projectDirPath = "";
			projectRoot = "";
			targets = (
				BA2A5AD32ACCBDDA00CFCA8F /* QuotesAndImages */,
			);
		};
/* End PBXProject section */

/* Begin PBXResourcesBuildPhase section */
		BA2A5AD22ACCBDDA00CFCA8F /* Resources */ = {
			isa = PBXResourcesBuildPhase;
			buildActionMask = 2147483647;
			files = (
				BA2A5ADF2ACCBDDB00CFCA8F /* Preview Assets.xcassets in Resources */,
				BA2A5ADC2ACCBDDB00CFCA8F /* Assets.xcassets in Resources */,
			);
			runOnlyForDeploymentPostprocessing = 0;
		};
/* End PBXResourcesBuildPhase section */

/* Begin PBXSourcesBuildPhase section */
		BA2A5AD02ACCBDDA00CFCA8F /* Sources */ = {
			isa = PBXSourcesBuildPhase;
			buildActionMask = 2147483647;
			files = (
				BA2A5AEE2ACCC1B000CFCA8F /* Constants.swift in Sources */,
				BA2A5AEB2ACCC02700CFCA8F /* RandomImage.swift in Sources */,
				BA2A5AE92ACCBF7700CFCA8F /* WebService.swift in Sources */,
				BA2A5ADA2ACCBDDA00CFCA8F /* ContentView.swift in Sources */,
				BA2A5AD82ACCBDDA00CFCA8F /* QuotesAndImagesApp.swift in Sources */,
			);
			runOnlyForDeploymentPostprocessing = 0;
		};
/* End PBXSourcesBuildPhase section */

/* Begin XCBuildConfiguration section */
		BA2A5AE02ACCBDDB00CFCA8F /* Debug */ = {
			isa = XCBuildConfiguration;
			buildSettings = {
				ALWAYS_SEARCH_USER_PATHS = NO;
				ASSETCATALOG_COMPILER_GENERATE_SWIFT_ASSET_SYMBOL_EXTENSIONS = YES;
				CLANG_ANALYZER_NONNULL = YES;
				CLANG_ANALYZER_NUMBER_OBJECT_CONVERSION = YES_AGGRESSIVE;
				CLANG_CXX_LANGUAGE_STANDARD = "gnu++20";
				CLANG_ENABLE_MODULES = YES;
				CLANG_ENABLE_OBJC_ARC = YES;
				CLANG_ENABLE_OBJC_WEAK = YES;
				CLANG_WARN_BLOCK_CAPTURE_AUTORELEASING = YES;
				CLANG_WARN_BOOL_CONVERSION = YES;
				CLANG_WARN_COMMA = YES;
				CLANG_WARN_CONSTANT_CONVERSION = YES;
				CLANG_WARN_DEPRECATED_OBJC_IMPLEMENTATIONS = YES;
				CLANG_WARN_DIRECT_OBJC_ISA_USAGE = YES_ERROR;
				CLANG_WARN_DOCUMENTATION_COMMENTS = YES;
				CLANG_WARN_EMPTY_BODY = YES;
				CLANG_WARN_ENUM_CONVERSION = YES;
				CLANG_WARN_INFINITE_RECURSION = YES;
				CLANG_WARN_INT_CONVERSION = YES;
				CLANG_WARN_NON_LITERAL_NULL_CONVERSION = YES;
				CLANG_WARN_OBJC_IMPLICIT_RETAIN_SELF = YES;
				CLANG_WARN_OBJC_LITERAL_CONVERSION = YES;
				CLANG_WARN_OBJC_ROOT_CLASS = YES_ERROR;
				CLANG_WARN_QUOTED_INCLUDE_IN_FRAMEWORK_HEADER = YES;
				CLANG_WARN_RANGE_LOOP_ANALYSIS = YES;
				CLANG_WARN_STRICT_PROTOTYPES = YES;
				CLANG_WARN_SUSPICIOUS_MOVE = YES;
				CLANG_WARN_UNGUARDED_AVAILABILITY = YES_AGGRESSIVE;
				CLANG_WARN_UNREACHABLE_CODE = YES;
				CLANG_WARN__DUPLICATE_METHOD_MATCH = YES;
				COPY_PHASE_STRIP = NO;
				DEBUG_INFORMATION_FORMAT = dwarf;
				ENABLE_STRICT_OBJC_MSGSEND = YES;
				ENABLE_TESTABILITY = YES;
				ENABLE_USER_SCRIPT_SANDBOXING = YES;
				GCC_C_LANGUAGE_STANDARD = gnu17;
				GCC_DYNAMIC_NO_PIC = NO;
				GCC_NO_COMMON_BLOCKS = YES;
				GCC_OPTIMIZATION_LEVEL = 0;
				GCC_PREPROCESSOR_DEFINITIONS = (
					"DEBUG=1",
					"$(inherited)",
				);
				GCC_WARN_64_TO_32_BIT_CONVERSION = YES;
				GCC_WARN_ABOUT_RETURN_TYPE = YES_ERROR;
				GCC_WARN_UNDECLARED_SELECTOR = YES;
				GCC_WARN_UNINITIALIZED_AUTOS = YES_AGGRESSIVE;
				GCC_WARN_UNUSED_FUNCTION = YES;
				GCC_WARN_UNUSED_VARIABLE = YES;
				IPHONEOS_DEPLOYMENT_TARGET = 17.0;
				LOCALIZATION_PREFERS_STRING_CATALOGS = YES;
				MTL_ENABLE_DEBUG_INFO = INCLUDE_SOURCE;
				MTL_FAST_MATH = YES;
				ONLY_ACTIVE_ARCH = YES;
				SDKROOT = iphoneos;
				SWIFT_ACTIVE_COMPILATION_CONDITIONS = "DEBUG $(inherited)";
				SWIFT_OPTIMIZATION_LEVEL = "-Onone";
			};
			name = Debug;
		};
		BA2A5AE12ACCBDDB00CFCA8F /* Release */ = {
			isa = XCBuildConfiguration;
			buildSettings = {
				ALWAYS_SEARCH_USER_PATHS = NO;
				ASSETCATALOG_COMPILER_GENERATE_SWIFT_ASSET_SYMBOL_EXTENSIONS = YES;
				CLANG_ANALYZER_NONNULL = YES;
				CLANG_ANALYZER_NUMBER_OBJECT_CONVERSION = YES_AGGRESSIVE;
				CLANG_CXX_LANGUAGE_STANDARD = "gnu++20";
				CLANG_ENABLE_MODULES = YES;
				CLANG_ENABLE_OBJC_ARC = YES;
				CLANG_ENABLE_OBJC_WEAK = YES;
				CLANG_WARN_BLOCK_CAPTURE_AUTORELEASING = YES;
				CLANG_WARN_BOOL_CONVERSION = YES;
				CLANG_WARN_COMMA = YES;
				CLANG_WARN_CONSTANT_CONVERSION = YES;
				CLANG_WARN_DEPRECATED_OBJC_IMPLEMENTATIONS = YES;
				CLANG_WARN_DIRECT_OBJC_ISA_USAGE = YES_ERROR;
				CLANG_WARN_DOCUMENTATION_COMMENTS = YES;
				CLANG_WARN_EMPTY_BODY = YES;
				CLANG_WARN_ENUM_CONVERSION = YES;
				CLANG_WARN_INFINITE_RECURSION = YES;
				CLANG_WARN_INT_CONVERSION = YES;
				CLANG_WARN_NON_LITERAL_NULL_CONVERSION = YES;
				CLANG_WARN_OBJC_IMPLICIT_RETAIN_SELF = YES;
				CLANG_WARN_OBJC_LITERAL_CONVERSION = YES;
				CLANG_WARN_OBJC_ROOT_CLASS = YES_ERROR;
				CLANG_WARN_QUOTED_INCLUDE_IN_FRAMEWORK_HEADER = YES;
				CLANG_WARN_RANGE_LOOP_ANALYSIS = YES;
				CLANG_WARN_STRICT_PROTOTYPES = YES;
				CLANG_WARN_SUSPICIOUS_MOVE = YES;
				CLANG_WARN_UNGUARDED_AVAILABILITY = YES_AGGRESSIVE;
				CLANG_WARN_UNREACHABLE_CODE = YES;
				CLANG_WARN__DUPLICATE_METHOD_MATCH = YES;
				COPY_PHASE_STRIP = NO;
				DEBUG_INFORMATION_FORMAT = "dwarf-with-dsym";
				ENABLE_NS_ASSERTIONS = NO;
				ENABLE_STRICT_OBJC_MSGSEND = YES;
				ENABLE_USER_SCRIPT_SANDBOXING = YES;
				GCC_C_LANGUAGE_STANDARD = gnu17;
				GCC_NO_COMMON_BLOCKS = YES;
				GCC_WARN_64_TO_32_BIT_CONVERSION = YES;
				GCC_WARN_ABOUT_RETURN_TYPE = YES_ERROR;
				GCC_WARN_UNDECLARED_SELECTOR = YES;
				GCC_WARN_UNINITIALIZED_AUTOS = YES_AGGRESSIVE;
				GCC_WARN_UNUSED_FUNCTION = YES;
				GCC_WARN_UNUSED_VARIABLE = YES;
				IPHONEOS_DEPLOYMENT_TARGET = 17.0;
				LOCALIZATION_PREFERS_STRING_CATALOGS = YES;
				MTL_ENABLE_DEBUG_INFO = NO;
				MTL_FAST_MATH = YES;
				SDKROOT = iphoneos;
				SWIFT_COMPILATION_MODE = wholemodule;
				VALIDATE_PRODUCT = YES;
			};
			name = Release;
		};
		BA2A5AE32ACCBDDB00CFCA8F /* Debug */ = {
			isa = XCBuildConfiguration;
			buildSettings = {
				ASSETCATALOG_COMPILER_APPICON_NAME = AppIcon;
				ASSETCATALOG_COMPILER_GLOBAL_ACCENT_COLOR_NAME = AccentColor;
				CODE_SIGN_STYLE = Automatic;
				CURRENT_PROJECT_VERSION = 1;
				DEVELOPMENT_ASSET_PATHS = "\"QuotesAndImages/Preview Content\"";
				DEVELOPMENT_TEAM = 3ZD94BR25U;
				ENABLE_PREVIEWS = YES;
				GENERATE_INFOPLIST_FILE = YES;
				INFOPLIST_KEY_UIApplicationSceneManifest_Generation = YES;
				INFOPLIST_KEY_UIApplicationSupportsIndirectInputEvents = YES;
				INFOPLIST_KEY_UILaunchScreen_Generation = YES;
				INFOPLIST_KEY_UISupportedInterfaceOrientations_iPad = "UIInterfaceOrientationPortrait UIInterfaceOrientationPortraitUpsideDown UIInterfaceOrientationLandscapeLeft UIInterfaceOrientationLandscapeRight";
				INFOPLIST_KEY_UISupportedInterfaceOrientations_iPhone = "UIInterfaceOrientationPortrait UIInterfaceOrientationLandscapeLeft UIInterfaceOrientationLandscapeRight";
				LD_RUNPATH_SEARCH_PATHS = (
					"$(inherited)",
					"@executable_path/Frameworks",
				);
				MARKETING_VERSION = 1.0;
				PRODUCT_BUNDLE_IDENTIFIER = com.ta.QuotesAndImages;
				PRODUCT_NAME = "$(TARGET_NAME)";
				SWIFT_EMIT_LOC_STRINGS = YES;
				SWIFT_VERSION = 5.0;
				TARGETED_DEVICE_FAMILY = "1,2";
			};
			name = Debug;
		};
		BA2A5AE42ACCBDDB00CFCA8F /* Release */ = {
			isa = XCBuildConfiguration;
			buildSettings = {
				ASSETCATALOG_COMPILER_APPICON_NAME = AppIcon;
				ASSETCATALOG_COMPILER_GLOBAL_ACCENT_COLOR_NAME = AccentColor;
				CODE_SIGN_STYLE = Automatic;
				CURRENT_PROJECT_VERSION = 1;
				DEVELOPMENT_ASSET_PATHS = "\"QuotesAndImages/Preview Content\"";
				DEVELOPMENT_TEAM = 3ZD94BR25U;
				ENABLE_PREVIEWS = YES;
				GENERATE_INFOPLIST_FILE = YES;
				INFOPLIST_KEY_UIApplicationSceneManifest_Generation = YES;
				INFOPLIST_KEY_UIApplicationSupportsIndirectInputEvents = YES;
				INFOPLIST_KEY_UILaunchScreen_Generation = YES;
				INFOPLIST_KEY_UISupportedInterfaceOrientations_iPad = "UIInterfaceOrientationPortrait UIInterfaceOrientationPortraitUpsideDown UIInterfaceOrientationLandscapeLeft UIInterfaceOrientationLandscapeRight";
				INFOPLIST_KEY_UISupportedInterfaceOrientations_iPhone = "UIInterfaceOrientationPortrait UIInterfaceOrientationLandscapeLeft UIInterfaceOrientationLandscapeRight";
				LD_RUNPATH_SEARCH_PATHS = (
					"$(inherited)",
					"@executable_path/Frameworks",
				);
				MARKETING_VERSION = 1.0;
				PRODUCT_BUNDLE_IDENTIFIER = com.ta.QuotesAndImages;
				PRODUCT_NAME = "$(TARGET_NAME)";
				SWIFT_EMIT_LOC_STRINGS = YES;
				SWIFT_VERSION = 5.0;
				TARGETED_DEVICE_FAMILY = "1,2";
			};
			name = Release;
		};
/* End XCBuildConfiguration section */

/* Begin XCConfigurationList section */
		BA2A5ACF2ACCBDDA00CFCA8F /* Build configuration list for PBXProject "QuotesAndImages" */ = {
			isa = XCConfigurationList;
			buildConfigurations = (
				BA2A5AE02ACCBDDB00CFCA8F /* Debug */,
				BA2A5AE12ACCBDDB00CFCA8F /* Release */,
			);
			defaultConfigurationIsVisible = 0;
			defaultConfigurationName = Release;
		};
		BA2A5AE22ACCBDDB00CFCA8F /* Build configuration list for PBXNativeTarget "QuotesAndImages" */ = {
			isa = XCConfigurationList;
			buildConfigurations = (
				BA2A5AE32ACCBDDB00CFCA8F /* Debug */,
				BA2A5AE42ACCBDDB00CFCA8F /* Release */,
			);
			defaultConfigurationIsVisible = 0;
			defaultConfigurationName = Release;
		};
/* End XCConfigurationList section */
	};
	rootObject = BA2A5ACC2ACCBDDA00CFCA8F /* Project object */;
}
